
Microsoft Visual Studio Solution File, Format Version 12.00
# Visual Studio Version 16
VisualStudioVersion = 16.0.28803.352
MinimumVisualStudioVersion = 10.0.40219.1
Project("{FAE04EC0-301F-11D3-BF4B-00C04F79EFBC}") = "Restaurant", "Restaurant.csproj", "{81849A2B-F284-4A12-BE5F-03486567A306}"
EndProject
Project("{FAE04EC0-301F-11D3-BF4B-00C04F79EFBC}") = "RestaurantManager", "..\RestaurantManager\RestaurantManager.csproj", "{24B52F24-596B-4DBD-9148-9A6BC16F3BDA}"
EndProject
Global
	GlobalSection(SolutionConfigurationPlatforms) = preSolution
		Debug|Any CPU = Debug|Any CPU
		Release|Any CPU = Release|Any CPU
	EndGlobalSection
	GlobalSection(ProjectConfigurationPlatforms) = postSolution
		{81849A2B-F284-4A12-BE5F-03486567A306}.Debug|Any CPU.ActiveCfg = Debug|Any CPU
		{81849A2B-F284-4A12-BE5F-03486567A306}.Debug|Any CPU.Build.0 = Debug|Any CPU
		{81849A2B-F284-4A12-BE5F-03486567A306}.Release|Any CPU.ActiveCfg = Release|Any CPU
		{81849A2B-F284-4A12-BE5F-03486567A306}.Release|Any CPU.Build.0 = Release|Any CPU
		{24B52F24-596B-4DBD-9148-9A6BC16F3BDA}.Debug|Any CPU.ActiveCfg = Debug|Any CPU
		{24B52F24-596B-4DBD-9148-9A6BC16F3BDA}.Debug|Any CPU.Build.0 = Debug|Any CPU
		{24B52F24-596B-4DBD-9148-9A6BC16F3BDA}.Release|Any CPU.ActiveCfg = Release|Any CPU
		{24B52F24-596B-4DBD-9148-9A6BC16F3BDA}.Release|Any CPU.Build.0 = Release|Any CPU
	EndGlobalSection
	GlobalSection(SolutionProperties) = preSolution
		HideSolutionNode = FALSE
	EndGlobalSection
	GlobalSection(ExtensibilityGlobals) = postSolution
		SolutionGuid = {C8F54A2D-6C15-48A2-95AF-482B3B58BF98}
	EndGlobalSection
EndGlobal
